github.com/gershwinlabs/pathlib v0.0.0-20200521114451-d22c9299c57f h1:+EZMCdU5Lpkj528ClS7/phr21tvEEH/Af/EiwNvhBjw=
github.com/gershwinlabs/pathlib v0.0.0-20200521114451-d22c9299c57f/go.mod h1:kQcixgt8+h9+HptxNFQeTaUOYyvIqTi0ZRL453QKFaA=
github.com/gershwinlabs/pathlib v0.1.0 h1:YQDfhbQxsGYuWsakZAjy5bqfv2WneG5opBNWbjEEawE=
github.com/gershwinlabs/pathlib v0.1.0/go.mod h1:LXEkD67PS7BFSwpzzhbsjo4cAzIlkh/z91pJdYEn/6M=
